
Microsoft Visual Studio Solution File, Format Version 12.00
# Visual Studio Version 17
VisualStudioVersion = 17.2.32526.322
MinimumVisualStudioVersion = 10.0.40219.1
Project("{FAE04EC0-301F-11D3-BF4B-00C04F79EFBC}") = "SEP_CAMERA_PHUONGNGHI", "SEP_CAMERA_PHUONGNGHI\SEP_CAMERA_PHUONGNGHI.csproj", "{DAE6B7AD-74B9-4D15-953D-6B304917067A}"
EndProject
Global
	GlobalSection(SolutionConfigurationPlatforms) = preSolution
		Debug|Any CPU = Debug|Any CPU
		Release|Any CPU = Release|Any CPU
	EndGlobalSection
	GlobalSection(ProjectConfigurationPlatforms) = postSolution
		{DAE6B7AD-74B9-4D15-953D-6B304917067A}.Debug|Any CPU.ActiveCfg = Debug|Any CPU
		{DAE6B7AD-74B9-4D15-953D-6B304917067A}.Debug|Any CPU.Build.0 = Debug|Any CPU
		{DAE6B7AD-74B9-4D15-953D-6B304917067A}.Release|Any CPU.ActiveCfg = Release|Any CPU
		{DAE6B7AD-74B9-4D15-953D-6B304917067A}.Release|Any CPU.Build.0 = Release|Any CPU
	EndGlobalSection
	GlobalSection(SolutionProperties) = preSolution
		HideSolutionNode = FALSE
	EndGlobalSection
	GlobalSection(ExtensibilityGlobals) = postSolution
		SolutionGuid = {5AAA7C9F-1E41-44C8-B1CA-AB5F293B2F27}
	EndGlobalSection
EndGlobal
